
Microsoft Visual Studio Solution File, Format Version 12.00
# Visual Studio Version 16
VisualStudioVersion = 16.0.30011.22
MinimumVisualStudioVersion = 10.0.40219.1
Project("{FAE04EC0-301F-11D3-BF4B-00C04F79EFBC}") = "LapTrinhCanBan", "LapTrinhCanBan\LapTrinhCanBan.csproj", "{6B5521F2-53A7-4A7A-A02B-5525A15143EC}"
EndProject
Project("{FAE04EC0-301F-11D3-BF4B-00C04F79EFBC}") = "SuDungCauLenhIf", "SuDungCauLenhIf\SuDungCauLenhIf.csproj", "{361E771E-3AE5-4DA9-AD94-7D14DB0853D5}"
EndProject
Project("{FAE04EC0-301F-11D3-BF4B-00C04F79EFBC}") = "PhuongTrinhBac1", "PhuongTrinhBac1\PhuongTrinhBac1.csproj", "{94868176-4A5C-4A44-A7AE-3E01CA27796F}"
EndProject
Project("{FAE04EC0-301F-11D3-BF4B-00C04F79EFBC}") = "PhuongTrinhBac2", "PhuongTrinhBac2\PhuongTrinhBac2.csproj", "{2590A4EC-EB42-4794-926B-0E733D7E195A}"
EndProject
Project("{FAE04EC0-301F-11D3-BF4B-00C04F79EFBC}") = "TimSoLonNhat", "TimSoLonNhat\TimSoLonNhat.csproj", "{1159BE32-D931-4918-A63E-00079BD34A36}"
EndProject
Project("{FAE04EC0-301F-11D3-BF4B-00C04F79EFBC}") = "SuDungTryCatch", "SuDungTryCacth\SuDungTryCatch.csproj", "{91DA4D93-2090-4D69-BFA6-F3F83A037C22}"
EndProject
Project("{FAE04EC0-301F-11D3-BF4B-00C04F79EFBC}") = "XepLoaiHocSinh", "XepLoaiHocSinh\XepLoaiHocSinh.csproj", "{50D7309B-7F3D-4DFC-B7EE-31E0454DD4E2}"
EndProject
Project("{FAE04EC0-301F-11D3-BF4B-00C04F79EFBC}") = "SuDungVongLapFor", "SuDungVongLapFor\SuDungVongLapFor.csproj", "{BCDA6265-7666-4D2C-9C7B-DFC528153F4F}"
EndProject
Project("{FAE04EC0-301F-11D3-BF4B-00C04F79EFBC}") = "SuDungHam", "SuDungHam\SuDungHam.csproj", "{008881C6-D9C9-44DE-85E7-8B460AD15ADE}"
EndProject
Project("{FAE04EC0-301F-11D3-BF4B-00C04F79EFBC}") = "SuDungHamTT", "SuDungHamTT\SuDungHamTT.csproj", "{DD3B260F-1D1C-4FBA-B9BA-B1E5F20B86BD}"
EndProject
Project("{FAE04EC0-301F-11D3-BF4B-00C04F79EFBC}") = "SuDungStruct", "SuDungStruct\SuDungStruct.csproj", "{C73220E5-DFF4-42A2-8D04-9EFBDBF2105E}"
EndProject
Project("{FAE04EC0-301F-11D3-BF4B-00C04F79EFBC}") = "QuanLySinhVien", "QuanLySinhVien\QuanLySinhVien.csproj", "{BB3E96B4-397A-423F-8C7F-B6CC210D5D30}"
EndProject
Global
	GlobalSection(SolutionConfigurationPlatforms) = preSolution
		Debug|Any CPU = Debug|Any CPU
		Release|Any CPU = Release|Any CPU
	EndGlobalSection
	GlobalSection(ProjectConfigurationPlatforms) = postSolution
		{6B5521F2-53A7-4A7A-A02B-5525A15143EC}.Debug|Any CPU.ActiveCfg = Debug|Any CPU
		{6B5521F2-53A7-4A7A-A02B-5525A15143EC}.Debug|Any CPU.Build.0 = Debug|Any CPU
		{6B5521F2-53A7-4A7A-A02B-5525A15143EC}.Release|Any CPU.ActiveCfg = Release|Any CPU
		{6B5521F2-53A7-4A7A-A02B-5525A15143EC}.Release|Any CPU.Build.0 = Release|Any CPU
		{361E771E-3AE5-4DA9-AD94-7D14DB0853D5}.Debug|Any CPU.ActiveCfg = Debug|Any CPU
		{361E771E-3AE5-4DA9-AD94-7D14DB0853D5}.Debug|Any CPU.Build.0 = Debug|Any CPU
		{361E771E-3AE5-4DA9-AD94-7D14DB0853D5}.Release|Any CPU.ActiveCfg = Release|Any CPU
		{361E771E-3AE5-4DA9-AD94-7D14DB0853D5}.Release|Any CPU.Build.0 = Release|Any CPU
		{94868176-4A5C-4A44-A7AE-3E01CA27796F}.Debug|Any CPU.ActiveCfg = Debug|Any CPU
		{94868176-4A5C-4A44-A7AE-3E01CA27796F}.Debug|Any CPU.Build.0 = Debug|Any CPU
		{94868176-4A5C-4A44-A7AE-3E01CA27796F}.Release|Any CPU.ActiveCfg = Release|Any CPU
		{94868176-4A5C-4A44-A7AE-3E01CA27796F}.Release|Any CPU.Build.0 = Release|Any CPU
		{2590A4EC-EB42-4794-926B-0E733D7E195A}.Debug|Any CPU.ActiveCfg = Debug|Any CPU
		{2590A4EC-EB42-4794-926B-0E733D7E195A}.Debug|Any CPU.Build.0 = Debug|Any CPU
		{2590A4EC-EB42-4794-926B-0E733D7E195A}.Release|Any CPU.ActiveCfg = Release|Any CPU
		{2590A4EC-EB42-4794-926B-0E733D7E195A}.Release|Any CPU.Build.0 = Release|Any CPU
		{1159BE32-D931-4918-A63E-00079BD34A36}.Debug|Any CPU.ActiveCfg = Debug|Any CPU
		{1159BE32-D931-4918-A63E-00079BD34A36}.Debug|Any CPU.Build.0 = Debug|Any CPU
		{1159BE32-D931-4918-A63E-00079BD34A36}.Release|Any CPU.ActiveCfg = Release|Any CPU
		{1159BE32-D931-4918-A63E-00079BD34A36}.Release|Any CPU.Build.0 = Release|Any CPU
		{91DA4D93-2090-4D69-BFA6-F3F83A037C22}.Debug|Any CPU.ActiveCfg = Debug|Any CPU
		{91DA4D93-2090-4D69-BFA6-F3F83A037C22}.Debug|Any CPU.Build.0 = Debug|Any CPU
		{91DA4D93-2090-4D69-BFA6-F3F83A037C22}.Release|Any CPU.ActiveCfg = Release|Any CPU
		{91DA4D93-2090-4D69-BFA6-F3F83A037C22}.Release|Any CPU.Build.0 = Release|Any CPU
		{50D7309B-7F3D-4DFC-B7EE-31E0454DD4E2}.Debug|Any CPU.ActiveCfg = Debug|Any CPU
		{50D7309B-7F3D-4DFC-B7EE-31E0454DD4E2}.Debug|Any CPU.Build.0 = Debug|Any CPU
		{50D7309B-7F3D-4DFC-B7EE-31E0454DD4E2}.Release|Any CPU.ActiveCfg = Release|Any CPU
		{50D7309B-7F3D-4DFC-B7EE-31E0454DD4E2}.Release|Any CPU.Build.0 = Release|Any CPU
		{BCDA6265-7666-4D2C-9C7B-DFC528153F4F}.Debug|Any CPU.ActiveCfg = Debug|Any CPU
		{BCDA6265-7666-4D2C-9C7B-DFC528153F4F}.Debug|Any CPU.Build.0 = Debug|Any CPU
		{BCDA6265-7666-4D2C-9C7B-DFC528153F4F}.Release|Any CPU.ActiveCfg = Release|Any CPU
		{BCDA6265-7666-4D2C-9C7B-DFC528153F4F}.Release|Any CPU.Build.0 = Release|Any CPU
		{008881C6-D9C9-44DE-85E7-8B460AD15ADE}.Debug|Any CPU.ActiveCfg = Debug|Any CPU
		{008881C6-D9C9-44DE-85E7-8B460AD15ADE}.Debug|Any CPU.Build.0 = Debug|Any CPU
		{008881C6-D9C9-44DE-85E7-8B460AD15ADE}.Release|Any CPU.ActiveCfg = Release|Any CPU
		{008881C6-D9C9-44DE-85E7-8B460AD15ADE}.Release|Any CPU.Build.0 = Release|Any CPU
		{DD3B260F-1D1C-4FBA-B9BA-B1E5F20B86BD}.Debug|Any CPU.ActiveCfg = Debug|Any CPU
		{DD3B260F-1D1C-4FBA-B9BA-B1E5F20B86BD}.Debug|Any CPU.Build.0 = Debug|Any CPU
		{DD3B260F-1D1C-4FBA-B9BA-B1E5F20B86BD}.Release|Any CPU.ActiveCfg = Release|Any CPU
		{DD3B260F-1D1C-4FBA-B9BA-B1E5F20B86BD}.Release|Any CPU.Build.0 = Release|Any CPU
		{C73220E5-DFF4-42A2-8D04-9EFBDBF2105E}.Debug|Any CPU.ActiveCfg = Debug|Any CPU
		{C73220E5-DFF4-42A2-8D04-9EFBDBF2105E}.Debug|Any CPU.Build.0 = Debug|Any CPU
		{C73220E5-DFF4-42A2-8D04-9EFBDBF2105E}.Release|Any CPU.ActiveCfg = Release|Any CPU
		{C73220E5-DFF4-42A2-8D04-9EFBDBF2105E}.Release|Any CPU.Build.0 = Release|Any CPU
		{BB3E96B4-397A-423F-8C7F-B6CC210D5D30}.Debug|Any CPU.ActiveCfg = Debug|Any CPU
		{BB3E96B4-397A-423F-8C7F-B6CC210D5D30}.Debug|Any CPU.Build.0 = Debug|Any CPU
		{BB3E96B4-397A-423F-8C7F-B6CC210D5D30}.Release|Any CPU.ActiveCfg = Release|Any CPU
		{BB3E96B4-397A-423F-8C7F-B6CC210D5D30}.Release|Any CPU.Build.0 = Release|Any CPU
	EndGlobalSection
	GlobalSection(SolutionProperties) = preSolution
		HideSolutionNode = FALSE
	EndGlobalSection
	GlobalSection(ExtensibilityGlobals) = postSolution
		SolutionGuid = {EF4CDC79-605A-4667-B46B-5C48D71C29AA}
	EndGlobalSection
EndGlobal
